{
  "name": "@aadeshk/medium-common",
  "version": "1.0.2",
  "lockfileVersion": 3,
  "requires": true,
  "packages": {
    "": {
      "name": "@aadeshk/medium-common",
      "version": "1.0.2",
      "license": "ISC",
      "dependencies": {
        "zod": "^3.23.4"
      },
      "devDependencies": {}
    },
    "node_modules/zod": {
      "version": "3.23.4",
      "resolved": "https://registry.npmjs.org/zod/-/zod-3.23.4.tgz",
      "integrity": "sha512-/AtWOKbBgjzEYYQRNfoGKHObgfAZag6qUJX1VbHo2PRBgS+wfWagEY2mizjfyAPcGesrJOcx/wcl0L9WnVrHFw==",
      "funding": {
        "url": "https://github.com/sponsors/colinhacks"
      }
    }
  }
}
